# Versiones verificadas para ejecución y pruebas de v9.0.1.
# Regenerar y auditar deliberadamente al actualizar dependencias.
numpy==2.3.5
pandas==2.2.3
pytz==2026.2
tzdata==2026.2
six==1.17.0
openpyxl==3.1.5
et-xmlfile==2.0.0
defusedxml==0.7.1
xlrd==2.0.1
python-docx==1.2.0
lxml==6.0.2
typing-extensions==4.15.0
python-dateutil==2.9.0.post0
pywin32==308; sys_platform == "win32"
pytest==9.1.1
iniconfig==2.3.0
packaging==26.2
pluggy==1.6.0
pygments==2.20.0
colorama==0.4.6; sys_platform == "win32"
time-machine==3.2.0
